
Microsoft Visual Studio Solution File, Format Version 11.00
# Visual Studio 2010
Project("{FAE04EC0-301F-11D3-BF4B-00C04F79EFBC}") = "WatiN.CssSelectorExtensions", "src\WatiN.CssSelectorExtensions\WatiN.CssSelectorExtensions.csproj", "{27919E8A-4539-4D0B-BC04-77DE0844EA90}"
EndProject
Project("{FAE04EC0-301F-11D3-BF4B-00C04F79EFBC}") = "WatiN.CssSelectorExtensions.Tests", "src\WatiN.CssSelectorExtensions_Sample\WatiN.CssSelectorExtensions.Tests.csproj", "{55895416-7642-429D-8B56-4012CA9FE78C}"
EndProject
Project("{FAE04EC0-301F-11D3-BF4B-00C04F79EFBC}") = "WatiN.CssSelectorExtensions_SampleWeb", "src\WatiN.CssSelectorExtensions_SampleWeb\WatiN.CssSelectorExtensions_SampleWeb.csproj", "{916DC386-028D-4271-A7FA-203BC30AF2CA}"
EndProject
Global
	GlobalSection(SolutionConfigurationPlatforms) = preSolution
		NET40-Debug|Any CPU = NET40-Debug|Any CPU
		NET40-Release|Any CPU = NET40-Release|Any CPU
	EndGlobalSection
	GlobalSection(ProjectConfigurationPlatforms) = postSolution
		{27919E8A-4539-4D0B-BC04-77DE0844EA90}.NET40-Debug|Any CPU.ActiveCfg = NET40-Debug|Any CPU
		{27919E8A-4539-4D0B-BC04-77DE0844EA90}.NET40-Debug|Any CPU.Build.0 = NET40-Debug|Any CPU
		{27919E8A-4539-4D0B-BC04-77DE0844EA90}.NET40-Release|Any CPU.ActiveCfg = NET40-Release|Any CPU
		{27919E8A-4539-4D0B-BC04-77DE0844EA90}.NET40-Release|Any CPU.Build.0 = NET40-Release|Any CPU
		{55895416-7642-429D-8B56-4012CA9FE78C}.NET40-Debug|Any CPU.ActiveCfg = NET40-Debug|Any CPU
		{55895416-7642-429D-8B56-4012CA9FE78C}.NET40-Debug|Any CPU.Build.0 = NET40-Debug|Any CPU
		{55895416-7642-429D-8B56-4012CA9FE78C}.NET40-Release|Any CPU.ActiveCfg = NET40-Release|Any CPU
		{55895416-7642-429D-8B56-4012CA9FE78C}.NET40-Release|Any CPU.Build.0 = NET40-Release|Any CPU
		{916DC386-028D-4271-A7FA-203BC30AF2CA}.NET40-Debug|Any CPU.ActiveCfg = NET40-Debug|Any CPU
		{916DC386-028D-4271-A7FA-203BC30AF2CA}.NET40-Debug|Any CPU.Build.0 = NET40-Debug|Any CPU
		{916DC386-028D-4271-A7FA-203BC30AF2CA}.NET40-Release|Any CPU.ActiveCfg = NET40-Release|Any CPU
		{916DC386-028D-4271-A7FA-203BC30AF2CA}.NET40-Release|Any CPU.Build.0 = NET40-Release|Any CPU
	EndGlobalSection
	GlobalSection(SolutionProperties) = preSolution
		HideSolutionNode = FALSE
	EndGlobalSection
EndGlobal
