
Microsoft Visual Studio Solution File, Format Version 11.00
# Visual Studio 2010
Project("{FAE04EC0-301F-11D3-BF4B-00C04F79EFBC}") = "WatinCssSelectorExtensions", "src\WatiNCssSelectorExtensions\WatinCssSelectorExtensions.csproj", "{27919E8A-4539-4D0B-BC04-77DE0844EA90}"
EndProject
Project("{FAE04EC0-301F-11D3-BF4B-00C04F79EFBC}") = "WatinCssSelectorExtensions_SampleWeb", "src\WatinCssSelectorExtensions_SampleWeb\WatinCssSelectorExtensions_SampleWeb.csproj", "{916DC386-028D-4271-A7FA-203BC30AF2CA}"
EndProject
Project("{FAE04EC0-301F-11D3-BF4B-00C04F79EFBC}") = "WatinCssSelectorExtensions_Sample", "src\WatiNCssSelectorExtensions_Sample\WatinCssSelectorExtensions_Sample.csproj", "{55895416-7642-429D-8B56-4012CA9FE78C}"
EndProject
Global
	GlobalSection(SolutionConfigurationPlatforms) = preSolution
		Debug|Any CPU = Debug|Any CPU
		NET40-Release|Any CPU = NET40-Release|Any CPU
	EndGlobalSection
	GlobalSection(ProjectConfigurationPlatforms) = postSolution
		{27919E8A-4539-4D0B-BC04-77DE0844EA90}.Debug|Any CPU.ActiveCfg = NET40-Debug|Any CPU
		{27919E8A-4539-4D0B-BC04-77DE0844EA90}.Debug|Any CPU.Build.0 = NET40-Debug|Any CPU
		{27919E8A-4539-4D0B-BC04-77DE0844EA90}.NET40-Release|Any CPU.ActiveCfg = NET40-Debug|Any CPU
		{27919E8A-4539-4D0B-BC04-77DE0844EA90}.NET40-Release|Any CPU.Build.0 = NET40-Debug|Any CPU
		{916DC386-028D-4271-A7FA-203BC30AF2CA}.Debug|Any CPU.ActiveCfg = NET40-Debug|Any CPU
		{916DC386-028D-4271-A7FA-203BC30AF2CA}.Debug|Any CPU.Build.0 = NET40-Debug|Any CPU
		{916DC386-028D-4271-A7FA-203BC30AF2CA}.NET40-Release|Any CPU.ActiveCfg = NET40-Debug|Any CPU
		{916DC386-028D-4271-A7FA-203BC30AF2CA}.NET40-Release|Any CPU.Build.0 = NET40-Debug|Any CPU
		{55895416-7642-429D-8B56-4012CA9FE78C}.Debug|Any CPU.ActiveCfg = NET40-Debug|Any CPU
		{55895416-7642-429D-8B56-4012CA9FE78C}.Debug|Any CPU.Build.0 = NET40-Debug|Any CPU
		{55895416-7642-429D-8B56-4012CA9FE78C}.NET40-Release|Any CPU.ActiveCfg = NET40-Debug|Any CPU
		{55895416-7642-429D-8B56-4012CA9FE78C}.NET40-Release|Any CPU.Build.0 = NET40-Debug|Any CPU
	EndGlobalSection
	GlobalSection(SolutionProperties) = preSolution
		HideSolutionNode = FALSE
	EndGlobalSection
EndGlobal
