
Microsoft Visual Studio Solution File, Format Version 10.00
# Visual Studio 2008
Project("{FAE04EC0-301F-11D3-BF4B-00C04F79EFBC}") = "WatinJQueryExtensions", "WatinJQueryExtensions.csproj", "{27919E8A-4539-4D0B-BC04-77DE0844EA90}"
EndProject
Project("{FAE04EC0-301F-11D3-BF4B-00C04F79EFBC}") = "WatinJQueryExtensions_Sample", "..\WatinJQueryExtensions_Sample\WatinJQueryExtensions_Sample.csproj", "{AB04924D-CB34-4710-A6A2-2A4361B76DA8}"
EndProject
Global
	GlobalSection(SolutionConfigurationPlatforms) = preSolution
		Debug|Any CPU = Debug|Any CPU
		Release|Any CPU = Release|Any CPU
	EndGlobalSection
	GlobalSection(ProjectConfigurationPlatforms) = postSolution
		{27919E8A-4539-4D0B-BC04-77DE0844EA90}.Debug|Any CPU.ActiveCfg = Debug|Any CPU
		{27919E8A-4539-4D0B-BC04-77DE0844EA90}.Debug|Any CPU.Build.0 = Debug|Any CPU
		{27919E8A-4539-4D0B-BC04-77DE0844EA90}.Release|Any CPU.ActiveCfg = Release|Any CPU
		{27919E8A-4539-4D0B-BC04-77DE0844EA90}.Release|Any CPU.Build.0 = Release|Any CPU
		{AB04924D-CB34-4710-A6A2-2A4361B76DA8}.Debug|Any CPU.ActiveCfg = Debug|Any CPU
		{AB04924D-CB34-4710-A6A2-2A4361B76DA8}.Debug|Any CPU.Build.0 = Debug|Any CPU
		{AB04924D-CB34-4710-A6A2-2A4361B76DA8}.Release|Any CPU.ActiveCfg = Release|Any CPU
		{AB04924D-CB34-4710-A6A2-2A4361B76DA8}.Release|Any CPU.Build.0 = Release|Any CPU
	EndGlobalSection
	GlobalSection(SolutionProperties) = preSolution
		HideSolutionNode = FALSE
	EndGlobalSection
EndGlobal
